{
  "name": "cedar-poc",
  "version": "1.0.0",
  "lockfileVersion": 3,
  "requires": true,
  "packages": {
    "": {
      "name": "cedar-poc",
      "version": "1.0.0",
      "license": "ISC",
      "dependencies": {
        "@cedar-policy/cedar-wasm": "^4.9.1"
      }
    },
    "node_modules/@cedar-policy/cedar-wasm": {
      "version": "4.9.1",
      "resolved": "https://registry.npmjs.org/@cedar-policy/cedar-wasm/-/cedar-wasm-4.9.1.tgz",
      "integrity": "sha512-7+57EYkWmkBGasBQU6UhdafwxrY+YXzBlxpYZn33s1YR978W6ZqgLEAvHb3Wg1XMIzLWWoljhFYerejpOpvxuA==",
      "license": "Apache-2.0"
    }
  }
}
